
Microsoft Visual Studio Solution File, Format Version 12.00
# Visual Studio Version 17
VisualStudioVersion = 17.0.32014.148
MinimumVisualStudioVersion = 10.0.40219.1
Project("{FAE04EC0-301F-11D3-BF4B-00C04F79EFBC}") = "Inventory", "Inventory\Inventory.csproj", "{EDE646FE-A453-4F0E-B402-D04DCD25F163}"
EndProject
Global
	GlobalSection(SolutionConfigurationPlatforms) = preSolution
		Debug|Any CPU = Debug|Any CPU
		Release|Any CPU = Release|Any CPU
	EndGlobalSection
	GlobalSection(ProjectConfigurationPlatforms) = postSolution
		{EDE646FE-A453-4F0E-B402-D04DCD25F163}.Debug|Any CPU.ActiveCfg = Debug|Any CPU
		{EDE646FE-A453-4F0E-B402-D04DCD25F163}.Debug|Any CPU.Build.0 = Debug|Any CPU
		{EDE646FE-A453-4F0E-B402-D04DCD25F163}.Release|Any CPU.ActiveCfg = Release|Any CPU
		{EDE646FE-A453-4F0E-B402-D04DCD25F163}.Release|Any CPU.Build.0 = Release|Any CPU
	EndGlobalSection
	GlobalSection(SolutionProperties) = preSolution
		HideSolutionNode = FALSE
	EndGlobalSection
	GlobalSection(ExtensibilityGlobals) = postSolution
		SolutionGuid = {279A8E9B-1AA6-4E77-8038-2B088ACC891E}
	EndGlobalSection
EndGlobal
